
Microsoft Visual Studio Solution File, Format Version 12.00
# Visual Studio Version 16
VisualStudioVersion = 16.0.29418.71
MinimumVisualStudioVersion = 10.0.40219.1
Project("{FAE04EC0-301F-11D3-BF4B-00C04F79EFBC}") = "MatrixCalc", "MatrixCalc\MatrixCalc.csproj", "{28F0AD2E-E96E-4E24-9282-B7F8AFEEA3B9}"
EndProject
Global
	GlobalSection(SolutionConfigurationPlatforms) = preSolution
		Debug|Any CPU = Debug|Any CPU
		Release|Any CPU = Release|Any CPU
	EndGlobalSection
	GlobalSection(ProjectConfigurationPlatforms) = postSolution
		{28F0AD2E-E96E-4E24-9282-B7F8AFEEA3B9}.Debug|Any CPU.ActiveCfg = Debug|Any CPU
		{28F0AD2E-E96E-4E24-9282-B7F8AFEEA3B9}.Debug|Any CPU.Build.0 = Debug|Any CPU
		{28F0AD2E-E96E-4E24-9282-B7F8AFEEA3B9}.Release|Any CPU.ActiveCfg = Release|Any CPU
		{28F0AD2E-E96E-4E24-9282-B7F8AFEEA3B9}.Release|Any CPU.Build.0 = Release|Any CPU
	EndGlobalSection
	GlobalSection(SolutionProperties) = preSolution
		HideSolutionNode = FALSE
	EndGlobalSection
	GlobalSection(ExtensibilityGlobals) = postSolution
		SolutionGuid = {EC0AEDCA-3F29-4163-AD68-DB4FFD3A9071}
	EndGlobalSection
EndGlobal
