
Microsoft Visual Studio Solution File, Format Version 12.00
# Blend for Visual Studio Version 16
VisualStudioVersion = 16.0.29201.188
MinimumVisualStudioVersion = 10.0.40219.1
Project("{FAE04EC0-301F-11D3-BF4B-00C04F79EFBC}") = "2NN_NotLearning", "2NN_NotLearning\2NN_NotLearning.csproj", "{91C7F0D3-CD5D-4B95-9A83-1A56B258BFA9}"
EndProject
Global
	GlobalSection(SolutionConfigurationPlatforms) = preSolution
		Debug|Any CPU = Debug|Any CPU
		Release|Any CPU = Release|Any CPU
	EndGlobalSection
	GlobalSection(ProjectConfigurationPlatforms) = postSolution
		{91C7F0D3-CD5D-4B95-9A83-1A56B258BFA9}.Debug|Any CPU.ActiveCfg = Debug|Any CPU
		{91C7F0D3-CD5D-4B95-9A83-1A56B258BFA9}.Debug|Any CPU.Build.0 = Debug|Any CPU
		{91C7F0D3-CD5D-4B95-9A83-1A56B258BFA9}.Release|Any CPU.ActiveCfg = Release|Any CPU
		{91C7F0D3-CD5D-4B95-9A83-1A56B258BFA9}.Release|Any CPU.Build.0 = Release|Any CPU
	EndGlobalSection
	GlobalSection(SolutionProperties) = preSolution
		HideSolutionNode = FALSE
	EndGlobalSection
	GlobalSection(ExtensibilityGlobals) = postSolution
		SolutionGuid = {0512E493-B5D9-43DD-8D63-0FB0FD059271}
	EndGlobalSection
EndGlobal
