
Microsoft Visual Studio Solution File, Format Version 12.00
# Visual Studio Version 16
VisualStudioVersion = 16.0.29418.71
MinimumVisualStudioVersion = 10.0.40219.1
Project("{FAE04EC0-301F-11D3-BF4B-00C04F79EFBC}") = "3NN_NotLearningCLI", "3NN_NotLearningCLI\3NN_NotLearningCLI.csproj", "{BC5C4B3A-988B-402F-B4F0-394F7067F337}"
EndProject
Global
	GlobalSection(SolutionConfigurationPlatforms) = preSolution
		Debug|Any CPU = Debug|Any CPU
		Release|Any CPU = Release|Any CPU
	EndGlobalSection
	GlobalSection(ProjectConfigurationPlatforms) = postSolution
		{BC5C4B3A-988B-402F-B4F0-394F7067F337}.Debug|Any CPU.ActiveCfg = Debug|Any CPU
		{BC5C4B3A-988B-402F-B4F0-394F7067F337}.Debug|Any CPU.Build.0 = Debug|Any CPU
		{BC5C4B3A-988B-402F-B4F0-394F7067F337}.Release|Any CPU.ActiveCfg = Release|Any CPU
		{BC5C4B3A-988B-402F-B4F0-394F7067F337}.Release|Any CPU.Build.0 = Release|Any CPU
	EndGlobalSection
	GlobalSection(SolutionProperties) = preSolution
		HideSolutionNode = FALSE
	EndGlobalSection
	GlobalSection(ExtensibilityGlobals) = postSolution
		SolutionGuid = {9FD8AA37-F103-4560-B33F-7E3F58D5A3FF}
	EndGlobalSection
EndGlobal
